// !$*UTF8*$!
{
	archiveVersion = 1;
	classes = {
	};
	objectVersion = 50;
	objects = {

/* Begin PBXBuildFile section */
		AFA9736925DE77EB006632A7 /* AppDelegate.swift in Sources */ = {isa = PBXBuildFile; fileRef = AFA9736825DE77EB006632A7 /* AppDelegate.swift */; };
		AFA9736B25DE77EB006632A7 /* SceneDelegate.swift in Sources */ = {isa = PBXBuildFile; fileRef = AFA9736A25DE77EB006632A7 /* SceneDelegate.swift */; };
		AFA9736D25DE77EB006632A7 /* ViewController.swift in Sources */ = {isa = PBXBuildFile; fileRef = AFA9736C25DE77EB006632A7 /* ViewController.swift */; };
		AFA9737025DE77EB006632A7 /* Main.storyboard in Resources */ = {isa = PBXBuildFile; fileRef = AFA9736E25DE77EB006632A7 /* Main.storyboard */; };
		AFA9737225DE77EC006632A7 /* Assets.xcassets in Resources */ = {isa = PBXBuildFile; fileRef = AFA9737125DE77EC006632A7 /* Assets.xcassets */; };
		AFA9737525DE77EC006632A7 /* LaunchScreen.storyboard in Resources */ = {isa = PBXBuildFile; fileRef = AFA9737325DE77EC006632A7 /* LaunchScreen.storyboard */; };
		AFA9738725DE7938006632A7 /* CMGOverlayView.swift in Sources */ = {isa = PBXBuildFile; fileRef = AFA9738625DE7938006632A7 /* CMGOverlayView.swift */; };
		AFA9738B25DE7A0E006632A7 /* CMGViewController.swift in Sources */ = {isa = PBXBuildFile; fileRef = AFA9738A25DE7A0E006632A7 /* CMGViewController.swift */; };
/* End PBXBuildFile section */

/* Begin PBXFileReference section */
		AFA9736525DE77EB006632A7 /* BarCodeReaderExample.app */ = {isa = PBXFileReference; explicitFileType = wrapper.application; includeInIndex = 0; path = BarCodeReaderExample.app; sourceTree = BUILT_PRODUCTS_DIR; };
		AFA9736825DE77EB006632A7 /* AppDelegate.swift */ = {isa = PBXFileReference; lastKnownFileType = sourcecode.swift; path = AppDelegate.swift; sourceTree = "<group>"; };
		AFA9736A25DE77EB006632A7 /* SceneDelegate.swift */ = {isa = PBXFileReference; lastKnownFileType = sourcecode.swift; path = SceneDelegate.swift; sourceTree = "<group>"; };
		AFA9736C25DE77EB006632A7 /* ViewController.swift */ = {isa = PBXFileReference; lastKnownFileType = sourcecode.swift; path = ViewController.swift; sourceTree = "<group>"; };
		AFA9736F25DE77EB006632A7 /* Base */ = {isa = PBXFileReference; lastKnownFileType = file.storyboard; name = Base; path = Base.lproj/Main.storyboard; sourceTree = "<group>"; };
		AFA9737125DE77EC006632A7 /* Assets.xcassets */ = {isa = PBXFileReference; lastKnownFileType = folder.assetcatalog; path = Assets.xcassets; sourceTree = "<group>"; };
		AFA9737425DE77EC006632A7 /* Base */ = {isa = PBXFileReference; lastKnownFileType = file.storyboard; name = Base; path = Base.lproj/LaunchScreen.storyboard; sourceTree = "<group>"; };
		AFA9737625DE77EC006632A7 /* Info.plist */ = {isa = PBXFileReference; lastKnownFileType = text.plist.xml; path = Info.plist; sourceTree = "<group>"; };
		AFA9738625DE7938006632A7 /* CMGOverlayView.swift */ = {isa = PBXFileReference; lastKnownFileType = sourcecode.swift; path = CMGOverlayView.swift; sourceTree = "<group>"; };
		AFA9738A25DE7A0E006632A7 /* CMGViewController.swift */ = {isa = PBXFileReference; lastKnownFileType = sourcecode.swift; path = CMGViewController.swift; sourceTree = "<group>"; };
/* End PBXFileReference section */

/* Begin PBXFrameworksBuildPhase section */
		AFA9736225DE77EB006632A7 /* Frameworks */ = {
			isa = PBXFrameworksBuildPhase;
			buildActionMask = 2147483647;
			files = (
			);
			runOnlyForDeploymentPostprocessing = 0;
		};
/* End PBXFrameworksBuildPhase section */

/* Begin PBXGroup section */
		AFA9735C25DE77EB006632A7 = {
			isa = PBXGroup;
			children = (
				AFA9737E25DE791D006632A7 /* BarCodeReader */,
				AFA9736725DE77EB006632A7 /* BarCodeReaderExample */,
				AFA9736625DE77EB006632A7 /* Products */,
			);
			sourceTree = "<group>";
		};
		AFA9736625DE77EB006632A7 /* Products */ = {
			isa = PBXGroup;
			children = (
				AFA9736525DE77EB006632A7 /* BarCodeReaderExample.app */,
			);
			name = Products;
			sourceTree = "<group>";
		};
		AFA9736725DE77EB006632A7 /* BarCodeReaderExample */ = {
			isa = PBXGroup;
			children = (
				AFA9736825DE77EB006632A7 /* AppDelegate.swift */,
				AFA9736A25DE77EB006632A7 /* SceneDelegate.swift */,
				AFA9736C25DE77EB006632A7 /* ViewController.swift */,
				AFA9736E25DE77EB006632A7 /* Main.storyboard */,
				AFA9737125DE77EC006632A7 /* Assets.xcassets */,
				AFA9737325DE77EC006632A7 /* LaunchScreen.storyboard */,
				AFA9737625DE77EC006632A7 /* Info.plist */,
			);
			path = BarCodeReaderExample;
			sourceTree = "<group>";
		};
		AFA9737E25DE791D006632A7 /* BarCodeReader */ = {
			isa = PBXGroup;
			children = (
				AFA9738625DE7938006632A7 /* CMGOverlayView.swift */,
				AFA9738A25DE7A0E006632A7 /* CMGViewController.swift */,
			);
			path = BarCodeReader;
			sourceTree = "<group>";
		};
/* End PBXGroup section */

/* Begin PBXNativeTarget section */
		AFA9736425DE77EB006632A7 /* BarCodeReaderExample */ = {
			isa = PBXNativeTarget;
			buildConfigurationList = AFA9737925DE77EC006632A7 /* Build configuration list for PBXNativeTarget "BarCodeReaderExample" */;
			buildPhases = (
				AFA9736125DE77EB006632A7 /* Sources */,
				AFA9736225DE77EB006632A7 /* Frameworks */,
				AFA9736325DE77EB006632A7 /* Resources */,
			);
			buildRules = (
			);
			dependencies = (
			);
			name = BarCodeReaderExample;
			productName = BarCodeReaderExample;
			productReference = AFA9736525DE77EB006632A7 /* BarCodeReaderExample.app */;
			productType = "com.apple.product-type.application";
		};
/* End PBXNativeTarget section */

/* Begin PBXProject section */
		AFA9735D25DE77EB006632A7 /* Project object */ = {
			isa = PBXProject;
			attributes = {
				LastSwiftUpdateCheck = 1240;
				LastUpgradeCheck = 1240;
				TargetAttributes = {
					AFA9736425DE77EB006632A7 = {
						CreatedOnToolsVersion = 12.4;
					};
				};
			};
			buildConfigurationList = AFA9736025DE77EB006632A7 /* Build configuration list for PBXProject "BarCodeReaderExample" */;
			compatibilityVersion = "Xcode 9.3";
			developmentRegion = en;
			hasScannedForEncodings = 0;
			knownRegions = (
				en,
				Base,
			);
			mainGroup = AFA9735C25DE77EB006632A7;
			productRefGroup = AFA9736625DE77EB006632A7 /* Products */;
			projectDirPath = "";
			projectRoot = "";
			targets = (
				AFA9736425DE77EB006632A7 /* BarCodeReaderExample */,
			);
		};
/* End PBXProject section */

/* Begin PBXResourcesBuildPhase section */
		AFA9736325DE77EB006632A7 /* Resources */ = {
			isa = PBXResourcesBuildPhase;
			buildActionMask = 2147483647;
			files = (
				AFA9737525DE77EC006632A7 /* LaunchScreen.storyboard in Resources */,
				AFA9737225DE77EC006632A7 /* Assets.xcassets in Resources */,
				AFA9737025DE77EB006632A7 /* Main.storyboard in Resources */,
			);
			runOnlyForDeploymentPostprocessing = 0;
		};
/* End PBXResourcesBuildPhase section */

/* Begin PBXSourcesBuildPhase section */
		AFA9736125DE77EB006632A7 /* Sources */ = {
			isa = PBXSourcesBuildPhase;
			buildActionMask = 2147483647;
			files = (
				AFA9738725DE7938006632A7 /* CMGOverlayView.swift in Sources */,
				AFA9736D25DE77EB006632A7 /* ViewController.swift in Sources */,
				AFA9738B25DE7A0E006632A7 /* CMGViewController.swift in Sources */,
				AFA9736925DE77EB006632A7 /* AppDelegate.swift in Sources */,
				AFA9736B25DE77EB006632A7 /* SceneDelegate.swift in Sources */,
			);
			runOnlyForDeploymentPostprocessing = 0;
		};
/* End PBXSourcesBuildPhase section */

/* Begin PBXVariantGroup section */
		AFA9736E25DE77EB006632A7 /* Main.storyboard */ = {
			isa = PBXVariantGroup;
			children = (
				AFA9736F25DE77EB006632A7 /* Base */,
			);
			name = Main.storyboard;
			sourceTree = "<group>";
		};
		AFA9737325DE77EC006632A7 /* LaunchScreen.storyboard */ = {
			isa = PBXVariantGroup;
			children = (
				AFA9737425DE77EC006632A7 /* Base */,
			);
			name = LaunchScreen.storyboard;
			sourceTree = "<group>";
		};
/* End PBXVariantGroup section */

/* Begin XCBuildConfiguration section */
		AFA9737725DE77EC006632A7 /* Debug */ = {
			isa = XCBuildConfiguration;
			buildSettings = {
				ALWAYS_SEARCH_USER_PATHS = NO;
				CLANG_ANALYZER_NONNULL = YES;
				CLANG_ANALYZER_NUMBER_OBJECT_CONVERSION = YES_AGGRESSIVE;
				CLANG_CXX_LANGUAGE_STANDARD = "gnu++14";
				CLANG_CXX_LIBRARY = "libc++";
				CLANG_ENABLE_MODULES = YES;
				CLANG_ENABLE_OBJC_ARC = YES;
				CLANG_ENABLE_OBJC_WEAK = YES;
				CLANG_WARN_BLOCK_CAPTURE_AUTORELEASING = YES;
				CLANG_WARN_BOOL_CONVERSION = YES;
				CLANG_WARN_COMMA = YES;
				CLANG_WARN_CONSTANT_CONVERSION = YES;
				CLANG_WARN_DEPRECATED_OBJC_IMPLEMENTATIONS = YES;
				CLANG_WARN_DIRECT_OBJC_ISA_USAGE = YES_ERROR;
				CLANG_WARN_DOCUMENTATION_COMMENTS = YES;
				CLANG_WARN_EMPTY_BODY = YES;
				CLANG_WARN_ENUM_CONVERSION = YES;
				CLANG_WARN_INFINITE_RECURSION = YES;
				CLANG_WARN_INT_CONVERSION = YES;
				CLANG_WARN_NON_LITERAL_NULL_CONVERSION = YES;
				CLANG_WARN_OBJC_IMPLICIT_RETAIN_SELF = YES;
				CLANG_WARN_OBJC_LITERAL_CONVERSION = YES;
				CLANG_WARN_OBJC_ROOT_CLASS = YES_ERROR;
				CLANG_WARN_QUOTED_INCLUDE_IN_FRAMEWORK_HEADER = YES;
				CLANG_WARN_RANGE_LOOP_ANALYSIS = YES;
				CLANG_WARN_STRICT_PROTOTYPES = YES;
				CLANG_WARN_SUSPICIOUS_MOVE = YES;
				CLANG_WARN_UNGUARDED_AVAILABILITY = YES_AGGRESSIVE;
				CLANG_WARN_UNREACHABLE_CODE = YES;
				CLANG_WARN__DUPLICATE_METHOD_MATCH = YES;
				COPY_PHASE_STRIP = NO;
				DEBUG_INFORMATION_FORMAT = dwarf;
				ENABLE_STRICT_OBJC_MSGSEND = YES;
				ENABLE_TESTABILITY = YES;
				GCC_C_LANGUAGE_STANDARD = gnu11;
				GCC_DYNAMIC_NO_PIC = NO;
				GCC_NO_COMMON_BLOCKS = YES;
				GCC_OPTIMIZATION_LEVEL = 0;
				GCC_PREPROCESSOR_DEFINITIONS = (
					"DEBUG=1",
					"$(inherited)",
				);
				GCC_WARN_64_TO_32_BIT_CONVERSION = YES;
				GCC_WARN_ABOUT_RETURN_TYPE = YES_ERROR;
				GCC_WARN_UNDECLARED_SELECTOR = YES;
				GCC_WARN_UNINITIALIZED_AUTOS = YES_AGGRESSIVE;
				GCC_WARN_UNUSED_FUNCTION = YES;
				GCC_WARN_UNUSED_VARIABLE = YES;
				IPHONEOS_DEPLOYMENT_TARGET = 14.4;
				MTL_ENABLE_DEBUG_INFO = INCLUDE_SOURCE;
				MTL_FAST_MATH = YES;
				ONLY_ACTIVE_ARCH = YES;
				SDKROOT = iphoneos;
				SWIFT_ACTIVE_COMPILATION_CONDITIONS = DEBUG;
				SWIFT_OPTIMIZATION_LEVEL = "-Onone";
			};
			name = Debug;
		};
		AFA9737825DE77EC006632A7 /* Release */ = {
			isa = XCBuildConfiguration;
			buildSettings = {
				ALWAYS_SEARCH_USER_PATHS = NO;
				CLANG_ANALYZER_NONNULL = YES;
				CLANG_ANALYZER_NUMBER_OBJECT_CONVERSION = YES_AGGRESSIVE;
				CLANG_CXX_LANGUAGE_STANDARD = "gnu++14";
				CLANG_CXX_LIBRARY = "libc++";
				CLANG_ENABLE_MODULES = YES;
				CLANG_ENABLE_OBJC_ARC = YES;
				CLANG_ENABLE_OBJC_WEAK = YES;
				CLANG_WARN_BLOCK_CAPTURE_AUTORELEASING = YES;
				CLANG_WARN_BOOL_CONVERSION = YES;
				CLANG_WARN_COMMA = YES;
				CLANG_WARN_CONSTANT_CONVERSION = YES;
				CLANG_WARN_DEPRECATED_OBJC_IMPLEMENTATIONS = YES;
				CLANG_WARN_DIRECT_OBJC_ISA_USAGE = YES_ERROR;
				CLANG_WARN_DOCUMENTATION_COMMENTS = YES;
				CLANG_WARN_EMPTY_BODY = YES;
				CLANG_WARN_ENUM_CONVERSION = YES;
				CLANG_WARN_INFINITE_RECURSION = YES;
				CLANG_WARN_INT_CONVERSION = YES;
				CLANG_WARN_NON_LITERAL_NULL_CONVERSION = YES;
				CLANG_WARN_OBJC_IMPLICIT_RETAIN_SELF = YES;
				CLANG_WARN_OBJC_LITERAL_CONVERSION = YES;
				CLANG_WARN_OBJC_ROOT_CLASS = YES_ERROR;
				CLANG_WARN_QUOTED_INCLUDE_IN_FRAMEWORK_HEADER = YES;
				CLANG_WARN_RANGE_LOOP_ANALYSIS = YES;
				CLANG_WARN_STRICT_PROTOTYPES = YES;
				CLANG_WARN_SUSPICIOUS_MOVE = YES;
				CLANG_WARN_UNGUARDED_AVAILABILITY = YES_AGGRESSIVE;
				CLANG_WARN_UNREACHABLE_CODE = YES;
				CLANG_WARN__DUPLICATE_METHOD_MATCH = YES;
				COPY_PHASE_STRIP = NO;
				DEBUG_INFORMATION_FORMAT = "dwarf-with-dsym";
				ENABLE_NS_ASSERTIONS = NO;
				ENABLE_STRICT_OBJC_MSGSEND = YES;
				GCC_C_LANGUAGE_STANDARD = gnu11;
				GCC_NO_COMMON_BLOCKS = YES;
				GCC_WARN_64_TO_32_BIT_CONVERSION = YES;
				GCC_WARN_ABOUT_RETURN_TYPE = YES_ERROR;
				GCC_WARN_UNDECLARED_SELECTOR = YES;
				GCC_WARN_UNINITIALIZED_AUTOS = YES_AGGRESSIVE;
				GCC_WARN_UNUSED_FUNCTION = YES;
				GCC_WARN_UNUSED_VARIABLE = YES;
				IPHONEOS_DEPLOYMENT_TARGET = 14.4;
				MTL_ENABLE_DEBUG_INFO = NO;
				MTL_FAST_MATH = YES;
				SDKROOT = iphoneos;
				SWIFT_COMPILATION_MODE = wholemodule;
				SWIFT_OPTIMIZATION_LEVEL = "-O";
				VALIDATE_PRODUCT = YES;
			};
			name = Release;
		};
		AFA9737A25DE77EC006632A7 /* Debug */ = {
			isa = XCBuildConfiguration;
			buildSettings = {
				ASSETCATALOG_COMPILER_APPICON_NAME = AppIcon;
				ASSETCATALOG_COMPILER_GLOBAL_ACCENT_COLOR_NAME = AccentColor;
				CODE_SIGN_STYLE = Automatic;
				INFOPLIST_FILE = BarCodeReaderExample/Info.plist;
				LD_RUNPATH_SEARCH_PATHS = (
					"$(inherited)",
					"@executable_path/Frameworks",
				);
				PRODUCT_BUNDLE_IDENTIFIER = com.briteapps.BarCodeReaderExample;
				PRODUCT_NAME = "$(TARGET_NAME)";
				SWIFT_VERSION = 5.0;
				TARGETED_DEVICE_FAMILY = "1,2";
			};
			name = Debug;
		};
		AFA9737B25DE77EC006632A7 /* Release */ = {
			isa = XCBuildConfiguration;
			buildSettings = {
				ASSETCATALOG_COMPILER_APPICON_NAME = AppIcon;
				ASSETCATALOG_COMPILER_GLOBAL_ACCENT_COLOR_NAME = AccentColor;
				CODE_SIGN_STYLE = Automatic;
				INFOPLIST_FILE = BarCodeReaderExample/Info.plist;
				LD_RUNPATH_SEARCH_PATHS = (
					"$(inherited)",
					"@executable_path/Frameworks",
				);
				PRODUCT_BUNDLE_IDENTIFIER = com.briteapps.BarCodeReaderExample;
				PRODUCT_NAME = "$(TARGET_NAME)";
				SWIFT_VERSION = 5.0;
				TARGETED_DEVICE_FAMILY = "1,2";
			};
			name = Release;
		};
/* End XCBuildConfiguration section */

/* Begin XCConfigurationList section */
		AFA9736025DE77EB006632A7 /* Build configuration list for PBXProject "BarCodeReaderExample" */ = {
			isa = XCConfigurationList;
			buildConfigurations = (
				AFA9737725DE77EC006632A7 /* Debug */,
				AFA9737825DE77EC006632A7 /* Release */,
			);
			defaultConfigurationIsVisible = 0;
			defaultConfigurationName = Release;
		};
		AFA9737925DE77EC006632A7 /* Build configuration list for PBXNativeTarget "BarCodeReaderExample" */ = {
			isa = XCConfigurationList;
			buildConfigurations = (
				AFA9737A25DE77EC006632A7 /* Debug */,
				AFA9737B25DE77EC006632A7 /* Release */,
			);
			defaultConfigurationIsVisible = 0;
			defaultConfigurationName = Release;
		};
/* End XCConfigurationList section */
	};
	rootObject = AFA9735D25DE77EB006632A7 /* Project object */;
}
